
Microsoft Visual Studio Solution File, Format Version 12.00
# Visual Studio Version 17
VisualStudioVersion = 17.8.34316.72
MinimumVisualStudioVersion = 10.0.40219.1
Project("{FAE04EC0-301F-11D3-BF4B-00C04F79EFBC}") = "BulkyWeb", "BulkyWeb\BulkyWeb.csproj", "{FB25CA1C-88BB-4454-9C3F-1353F686DC9C}"
EndProject
Global
	GlobalSection(SolutionConfigurationPlatforms) = preSolution
		Debug|Any CPU = Debug|Any CPU
		Release|Any CPU = Release|Any CPU
	EndGlobalSection
	GlobalSection(ProjectConfigurationPlatforms) = postSolution
		{FB25CA1C-88BB-4454-9C3F-1353F686DC9C}.Debug|Any CPU.ActiveCfg = Debug|Any CPU
		{FB25CA1C-88BB-4454-9C3F-1353F686DC9C}.Debug|Any CPU.Build.0 = Debug|Any CPU
		{FB25CA1C-88BB-4454-9C3F-1353F686DC9C}.Release|Any CPU.ActiveCfg = Release|Any CPU
		{FB25CA1C-88BB-4454-9C3F-1353F686DC9C}.Release|Any CPU.Build.0 = Release|Any CPU
	EndGlobalSection
	GlobalSection(SolutionProperties) = preSolution
		HideSolutionNode = FALSE
	EndGlobalSection
	GlobalSection(ExtensibilityGlobals) = postSolution
		SolutionGuid = {12F5CF9C-19D0-46DC-9360-AA19E18EB529}
	EndGlobalSection
EndGlobal
